
Microsoft Visual Studio Solution File, Format Version 12.00
# Visual Studio Version 16
VisualStudioVersion = 16.0.30907.101
MinimumVisualStudioVersion = 10.0.40219.1
Project("{FAE04EC0-301F-11D3-BF4B-00C04F79EFBC}") = "ClassMetotDemo", "ClassMetotDemo1\ClassMetotDemo.csproj", "{B4F8B83E-866D-4378-8784-E5F6BC0AB6BF}"
EndProject
Global
	GlobalSection(SolutionConfigurationPlatforms) = preSolution
		Debug|Any CPU = Debug|Any CPU
		Release|Any CPU = Release|Any CPU
	EndGlobalSection
	GlobalSection(ProjectConfigurationPlatforms) = postSolution
		{B4F8B83E-866D-4378-8784-E5F6BC0AB6BF}.Debug|Any CPU.ActiveCfg = Debug|Any CPU
		{B4F8B83E-866D-4378-8784-E5F6BC0AB6BF}.Debug|Any CPU.Build.0 = Debug|Any CPU
		{B4F8B83E-866D-4378-8784-E5F6BC0AB6BF}.Release|Any CPU.ActiveCfg = Release|Any CPU
		{B4F8B83E-866D-4378-8784-E5F6BC0AB6BF}.Release|Any CPU.Build.0 = Release|Any CPU
	EndGlobalSection
	GlobalSection(SolutionProperties) = preSolution
		HideSolutionNode = FALSE
	EndGlobalSection
	GlobalSection(ExtensibilityGlobals) = postSolution
		SolutionGuid = {8F820C06-F971-477B-B804-A311E13FF599}
	EndGlobalSection
EndGlobal
